{
  "nodes": {
    "flake-utils": {
      "locked": {
        "lastModified": 1644229661,
        "narHash": "sha256-1YdnJAsNy69bpcjuoKdOYQX0YxZBiCYZo4Twxerqv7k=",
        "owner": "numtide",
        "repo": "flake-utils",
        "rev": "3cecb5b042f7f209c56ffd8371b2711a290ec797",
        "type": "github"
      },
      "original": {
        "owner": "numtide",
        "repo": "flake-utils",
        "type": "github"
      }
    },
    "home-manager": {
      "inputs": {
        "nixpkgs": [
          "nixpkgs"
        ]
      },
      "locked": {
        "lastModified": 1648078876,
        "narHash": "sha256-oa3RA0Z0UwEZ1M5kQOT9oUVd4ew3XePOu2oDTenFd98=",
        "owner": "nix-community",
        "repo": "home-manager",
        "rev": "ac9404115362c901ffe5c5c215f76f74b79d5eda",
        "type": "github"
      },
      "original": {
        "owner": "nix-community",
        "repo": "home-manager",
        "type": "github"
      }
    },
    "nix-darwin": {
      "inputs": {
        "nixpkgs": [
          "nixpkgs"
        ]
      },
      "locked": {
        "lastModified": 1647173930,
        "narHash": "sha256-8oca3Pc68VrCp8HeOtHmzs5g0rdQnPO9beDEEZJ02W0=",
        "owner": "lnl7",
        "repo": "nix-darwin",
        "rev": "17fbc68a6110edbff67e55f7450230a697ecb17e",
        "type": "github"
      },
      "original": {
        "owner": "lnl7",
        "repo": "nix-darwin",
        "type": "github"
      }
    },
    "nixpkgs": {
      "locked": {
        "lastModified": 1648097358,
        "narHash": "sha256-GMoTKP/po2Nbkh1tvPvP8Ww6NyFW8FFst1Z3nfzffZc=",
        "owner": "nixos",
        "repo": "nixpkgs",
        "rev": "4d60081494259c0785f7e228518fee74e0792c1b",
        "type": "github"
      },
      "original": {
        "owner": "nixos",
        "ref": "nixpkgs-unstable",
        "repo": "nixpkgs",
        "type": "github"
      }
    },
    "root": {
      "inputs": {
        "flake-utils": "flake-utils",
        "home-manager": "home-manager",
        "nix-darwin": "nix-darwin",
        "nixpkgs": "nixpkgs"
      }
    }
  },
  "root": "root",
  "version": 7
}
